
Microsoft Visual Studio Solution File, Format Version 12.00
Project("{2150E333-8FDC-42A3-9474-1A3956D46DE8}") = "Hefei.Web", "Hefei.Web", "{69654697-650A-44F1-B149-41BCDE9FE490}"
EndProject
Project("{FAE04EC0-301F-11D3-BF4B-00C04F79EFBC}") = "Hefei.Web.Application", "src\Hefei.Web\Hefei.Web.Application\Hefei.Web.Application.csproj", "{48A0E079-7AA0-4617-A5EB-0DB07DAA814D}"
EndProject
Global
	GlobalSection(SolutionConfigurationPlatforms) = preSolution
		Debug|Any CPU = Debug|Any CPU
		Release|Any CPU = Release|Any CPU
	EndGlobalSection
	GlobalSection(NestedProjects) = preSolution
		{48A0E079-7AA0-4617-A5EB-0DB07DAA814D} = {69654697-650A-44F1-B149-41BCDE9FE490}
	EndGlobalSection
	GlobalSection(ProjectConfigurationPlatforms) = postSolution
		{48A0E079-7AA0-4617-A5EB-0DB07DAA814D}.Debug|Any CPU.ActiveCfg = Debug|Any CPU
		{48A0E079-7AA0-4617-A5EB-0DB07DAA814D}.Debug|Any CPU.Build.0 = Debug|Any CPU
		{48A0E079-7AA0-4617-A5EB-0DB07DAA814D}.Release|Any CPU.ActiveCfg = Release|Any CPU
		{48A0E079-7AA0-4617-A5EB-0DB07DAA814D}.Release|Any CPU.Build.0 = Release|Any CPU
	EndGlobalSection
EndGlobal
